
Microsoft Visual Studio Solution File, Format Version 12.00
# Visual Studio 15
VisualStudioVersion = 15.0.27428.2011
MinimumVisualStudioVersion = 10.0.40219.1
Project("{FAE04EC0-301F-11D3-BF4B-00C04F79EFBC}") = "BeanCopier", "BeanCopier\BeanCopier.csproj", "{F4B20B7E-F7CA-4D8E-942A-A2DC0C1567F7}"
EndProject
Project("{FAE04EC0-301F-11D3-BF4B-00C04F79EFBC}") = "BeanCopierTests", "BeanCopierTests\BeanCopierTests.csproj", "{D0CC507C-E8CC-4D1A-B418-A8CB7FB6E648}"
EndProject
Global
	GlobalSection(SolutionConfigurationPlatforms) = preSolution
		Debug|Any CPU = Debug|Any CPU
		Release|Any CPU = Release|Any CPU
	EndGlobalSection
	GlobalSection(ProjectConfigurationPlatforms) = postSolution
		{F4B20B7E-F7CA-4D8E-942A-A2DC0C1567F7}.Debug|Any CPU.ActiveCfg = Debug|Any CPU
		{F4B20B7E-F7CA-4D8E-942A-A2DC0C1567F7}.Debug|Any CPU.Build.0 = Debug|Any CPU
		{F4B20B7E-F7CA-4D8E-942A-A2DC0C1567F7}.Release|Any CPU.ActiveCfg = Release|Any CPU
		{F4B20B7E-F7CA-4D8E-942A-A2DC0C1567F7}.Release|Any CPU.Build.0 = Release|Any CPU
		{D0CC507C-E8CC-4D1A-B418-A8CB7FB6E648}.Debug|Any CPU.ActiveCfg = Debug|Any CPU
		{D0CC507C-E8CC-4D1A-B418-A8CB7FB6E648}.Debug|Any CPU.Build.0 = Debug|Any CPU
		{D0CC507C-E8CC-4D1A-B418-A8CB7FB6E648}.Release|Any CPU.ActiveCfg = Release|Any CPU
		{D0CC507C-E8CC-4D1A-B418-A8CB7FB6E648}.Release|Any CPU.Build.0 = Release|Any CPU
	EndGlobalSection
	GlobalSection(SolutionProperties) = preSolution
		HideSolutionNode = FALSE
	EndGlobalSection
	GlobalSection(ExtensibilityGlobals) = postSolution
		SolutionGuid = {16EF937D-16AA-4E9C-B2B9-D8CA491AC2B8}
	EndGlobalSection
EndGlobal
